
Microsoft Visual Studio Solution File, Format Version 12.00
# Visual Studio 15
VisualStudioVersion = 15.0.26730.16
MinimumVisualStudioVersion = 10.0.40219.1
Project("{FAE04EC0-301F-11D3-BF4B-00C04F79EFBC}") = "ResultManager", "ResultManager\ResultManager.csproj", "{005ACA16-33CF-4ED8-87D7-463258939858}"
EndProject
Global
	GlobalSection(SolutionConfigurationPlatforms) = preSolution
		Debug|Any CPU = Debug|Any CPU
		Release|Any CPU = Release|Any CPU
	EndGlobalSection
	GlobalSection(ProjectConfigurationPlatforms) = postSolution
		{005ACA16-33CF-4ED8-87D7-463258939858}.Debug|Any CPU.ActiveCfg = Debug|Any CPU
		{005ACA16-33CF-4ED8-87D7-463258939858}.Debug|Any CPU.Build.0 = Debug|Any CPU
		{005ACA16-33CF-4ED8-87D7-463258939858}.Release|Any CPU.ActiveCfg = Release|Any CPU
		{005ACA16-33CF-4ED8-87D7-463258939858}.Release|Any CPU.Build.0 = Release|Any CPU
	EndGlobalSection
	GlobalSection(SolutionProperties) = preSolution
		HideSolutionNode = FALSE
	EndGlobalSection
	GlobalSection(ExtensibilityGlobals) = postSolution
		SolutionGuid = {5B3EF302-A2E0-4D84-B6B8-9219077E77FA}
	EndGlobalSection
EndGlobal
